
Microsoft Visual Studio Solution File, Format Version 12.00
# Visual Studio 2012
Project("{E24C65DC-7377-472B-9ABA-BC803B73C61A}") = "DOM Manipulation", "http://localhost:9418", "{B77F7B66-4DAD-4BE4-8F08-ABF097EF509F}"
	ProjectSection(WebsiteProperties) = preProject
		UseIISExpress = "true"
		TargetFrameworkMoniker = ".NETFramework,Version%3Dv4.5"
		Debug.AspNetCompiler.VirtualPath = "/localhost_9418"
		Debug.AspNetCompiler.PhysicalPath = "DOM Manipulation\"
		Debug.AspNetCompiler.TargetPath = "PrecompiledWeb\localhost_9418\"
		Debug.AspNetCompiler.Updateable = "true"
		Debug.AspNetCompiler.ForceOverwrite = "true"
		Debug.AspNetCompiler.FixedNames = "false"
		Debug.AspNetCompiler.Debug = "True"
		Release.AspNetCompiler.VirtualPath = "/localhost_9418"
		Release.AspNetCompiler.PhysicalPath = "DOM Manipulation\"
		Release.AspNetCompiler.TargetPath = "PrecompiledWeb\localhost_9418\"
		Release.AspNetCompiler.Updateable = "true"
		Release.AspNetCompiler.ForceOverwrite = "true"
		Release.AspNetCompiler.FixedNames = "false"
		Release.AspNetCompiler.Debug = "False"
		SlnRelativePath = "DOM Manipulation\"
		DefaultWebSiteLanguage = "Visual C#"
	EndProjectSection
EndProject
Global
	GlobalSection(SolutionConfigurationPlatforms) = preSolution
		Debug|Any CPU = Debug|Any CPU
	EndGlobalSection
	GlobalSection(ProjectConfigurationPlatforms) = postSolution
		{B77F7B66-4DAD-4BE4-8F08-ABF097EF509F}.Debug|Any CPU.ActiveCfg = Debug|Any CPU
		{B77F7B66-4DAD-4BE4-8F08-ABF097EF509F}.Debug|Any CPU.Build.0 = Debug|Any CPU
	EndGlobalSection
	GlobalSection(SolutionProperties) = preSolution
		HideSolutionNode = FALSE
	EndGlobalSection
EndGlobal
