
Microsoft Visual Studio Solution File, Format Version 12.00
# Visual Studio 2012
Project("{FAE04EC0-301F-11D3-BF4B-00C04F79EFBC}") = "2. Advanced Functions", "2. Advanced Functions\2. Advanced Functions.csproj", "{225E4B64-8FE7-4D08-9B64-12C9173BB971}"
EndProject
Global
	GlobalSection(SolutionConfigurationPlatforms) = preSolution
		Debug|Any CPU = Debug|Any CPU
		Release|Any CPU = Release|Any CPU
	EndGlobalSection
	GlobalSection(ProjectConfigurationPlatforms) = postSolution
		{225E4B64-8FE7-4D08-9B64-12C9173BB971}.Debug|Any CPU.ActiveCfg = Debug|Any CPU
		{225E4B64-8FE7-4D08-9B64-12C9173BB971}.Debug|Any CPU.Build.0 = Debug|Any CPU
		{225E4B64-8FE7-4D08-9B64-12C9173BB971}.Release|Any CPU.ActiveCfg = Release|Any CPU
		{225E4B64-8FE7-4D08-9B64-12C9173BB971}.Release|Any CPU.Build.0 = Release|Any CPU
	EndGlobalSection
	GlobalSection(SolutionProperties) = preSolution
		HideSolutionNode = FALSE
	EndGlobalSection
EndGlobal
