
Microsoft Visual Studio Solution File, Format Version 12.00
# Visual Studio 2012
Project("{FAE04EC0-301F-11D3-BF4B-00C04F79EFBC}") = "07. GSMTest", "GSMTest\07. GSMTest.csproj", "{6B4D5606-8C41-4E64-8451-649F7159D624}"
EndProject
Project("{FAE04EC0-301F-11D3-BF4B-00C04F79EFBC}") = "12. GSMCallHistoryTest", "GSMCallHistoryTest\12. GSMCallHistoryTest.csproj", "{621FE522-E4EF-4164-9C6D-77BD50F4B557}"
EndProject
Global
	GlobalSection(SolutionConfigurationPlatforms) = preSolution
		Debug|Any CPU = Debug|Any CPU
		Release|Any CPU = Release|Any CPU
	EndGlobalSection
	GlobalSection(ProjectConfigurationPlatforms) = postSolution
		{6B4D5606-8C41-4E64-8451-649F7159D624}.Debug|Any CPU.ActiveCfg = Debug|Any CPU
		{6B4D5606-8C41-4E64-8451-649F7159D624}.Debug|Any CPU.Build.0 = Debug|Any CPU
		{6B4D5606-8C41-4E64-8451-649F7159D624}.Release|Any CPU.ActiveCfg = Release|Any CPU
		{6B4D5606-8C41-4E64-8451-649F7159D624}.Release|Any CPU.Build.0 = Release|Any CPU
		{621FE522-E4EF-4164-9C6D-77BD50F4B557}.Debug|Any CPU.ActiveCfg = Debug|Any CPU
		{621FE522-E4EF-4164-9C6D-77BD50F4B557}.Debug|Any CPU.Build.0 = Debug|Any CPU
		{621FE522-E4EF-4164-9C6D-77BD50F4B557}.Release|Any CPU.ActiveCfg = Release|Any CPU
		{621FE522-E4EF-4164-9C6D-77BD50F4B557}.Release|Any CPU.Build.0 = Release|Any CPU
	EndGlobalSection
	GlobalSection(SolutionProperties) = preSolution
		HideSolutionNode = FALSE
	EndGlobalSection
EndGlobal
